
Microsoft Visual Studio Solution File, Format Version 12.00
# Visual Studio Version 17
VisualStudioVersion = 17.6.33815.320
MinimumVisualStudioVersion = 10.0.40219.1
Project("{FAE04EC0-301F-11D3-BF4B-00C04F79EFBC}") = "SmartTranslator.App", "SmartTranslator.App\SmartTranslator.App.csproj", "{78861597-105C-4D60-AF65-2A718E6D75E3}"
EndProject
Global
	GlobalSection(SolutionConfigurationPlatforms) = preSolution
		Debug|Any CPU = Debug|Any CPU
		Release|Any CPU = Release|Any CPU
	EndGlobalSection
	GlobalSection(ProjectConfigurationPlatforms) = postSolution
		{78861597-105C-4D60-AF65-2A718E6D75E3}.Debug|Any CPU.ActiveCfg = Debug|Any CPU
		{78861597-105C-4D60-AF65-2A718E6D75E3}.Debug|Any CPU.Build.0 = Debug|Any CPU
		{78861597-105C-4D60-AF65-2A718E6D75E3}.Release|Any CPU.ActiveCfg = Release|Any CPU
		{78861597-105C-4D60-AF65-2A718E6D75E3}.Release|Any CPU.Build.0 = Release|Any CPU
	EndGlobalSection
	GlobalSection(SolutionProperties) = preSolution
		HideSolutionNode = FALSE
	EndGlobalSection
	GlobalSection(ExtensibilityGlobals) = postSolution
		SolutionGuid = {F00399C6-C5C9-43C3-A173-AA351851E770}
	EndGlobalSection
EndGlobal
