
Microsoft Visual Studio Solution File, Format Version 12.00
# Visual Studio Version 17
VisualStudioVersion = 17.6.33815.320
MinimumVisualStudioVersion = 10.0.40219.1
Project("{9A19103F-16F7-4668-BE54-9A1E7A4F7556}") = "SmartTranslator.App", "SmartTranslator.App\SmartTranslator.App.csproj", "{78861597-105C-4D60-AF65-2A718E6D75E3}"
EndProject
Project("{9A19103F-16F7-4668-BE54-9A1E7A4F7556}") = "SmartTranslator.TranslationCore", "SmartTranslator.TranslationCore\SmartTranslator.TranslationCore.csproj", "{7181C11A-5735-46BC-A1C5-8BCE311EBB4B}"
EndProject
Project("{9A19103F-16F7-4668-BE54-9A1E7A4F7556}") = "SmartTranslator.TranslationCore.Tests", "SmartTranslator.TranslationCore.Tests\SmartTranslator.TranslationCore.Tests.csproj", "{8BF01CC1-A36E-466E-98B6-1EA231F6211F}"
EndProject
Project("{2150E333-8FDC-42A3-9474-1A3956D46DE8}") = "TranslationCore", "TranslationCore", "{87A2965A-6DF8-4CA8-B497-169F25C0B91D}"
EndProject
Project("{9A19103F-16F7-4668-BE54-9A1E7A4F7556}") = "SmartTranslator.TranslationCore.Enums", "SmartTranslator.TranslationCore.Enums\SmartTranslator.TranslationCore.Enums.csproj", "{8D1464E6-5318-4172-AE37-DE3BD95E66BA}"
EndProject
Project("{9A19103F-16F7-4668-BE54-9A1E7A4F7556}") = "SmartTranslator.TranslationCore.Abstractions", "SmartTranslator.TranslationCore.Abstractions\SmartTranslator.TranslationCore.Abstractions.csproj", "{16CA6CE9-3631-4A24-AEAE-B15EDCE01FB2}"
EndProject
Project("{9A19103F-16F7-4668-BE54-9A1E7A4F7556}") = "SmartTranslator.TranslationCore.DI", "SmartTranslator.TranslationCore.DI\SmartTranslator.TranslationCore.DI.csproj", "{86B740B9-5611-4009-8468-9A9E13D5B698}"
EndProject
Project("{9A19103F-16F7-4668-BE54-9A1E7A4F7556}") = "SmartTranslator.TelegramBot.View", "SmartTranslator.TelegramBot.View\SmartTranslator.TelegramBot.View.csproj", "{1ECDC631-6168-45B6-8D0A-8BAF856C3E76}"
EndProject
Project("{FAE04EC0-301F-11D3-BF4B-00C04F79EFBC}") = "SmartTranslator.Infrastructure", "SmartTranslator.Infrastructure\SmartTranslator.Infrastructure.csproj", "{DA392B1C-7147-4B11-9E6D-92D026D2C312}"
EndProject
Global
	GlobalSection(SolutionConfigurationPlatforms) = preSolution
		Debug|Any CPU = Debug|Any CPU
		Release|Any CPU = Release|Any CPU
	EndGlobalSection
	GlobalSection(ProjectConfigurationPlatforms) = postSolution
		{78861597-105C-4D60-AF65-2A718E6D75E3}.Debug|Any CPU.ActiveCfg = Debug|Any CPU
		{78861597-105C-4D60-AF65-2A718E6D75E3}.Debug|Any CPU.Build.0 = Debug|Any CPU
		{78861597-105C-4D60-AF65-2A718E6D75E3}.Release|Any CPU.ActiveCfg = Release|Any CPU
		{78861597-105C-4D60-AF65-2A718E6D75E3}.Release|Any CPU.Build.0 = Release|Any CPU
		{7181C11A-5735-46BC-A1C5-8BCE311EBB4B}.Debug|Any CPU.ActiveCfg = Debug|Any CPU
		{7181C11A-5735-46BC-A1C5-8BCE311EBB4B}.Debug|Any CPU.Build.0 = Debug|Any CPU
		{7181C11A-5735-46BC-A1C5-8BCE311EBB4B}.Release|Any CPU.ActiveCfg = Release|Any CPU
		{7181C11A-5735-46BC-A1C5-8BCE311EBB4B}.Release|Any CPU.Build.0 = Release|Any CPU
		{8BF01CC1-A36E-466E-98B6-1EA231F6211F}.Debug|Any CPU.ActiveCfg = Debug|Any CPU
		{8BF01CC1-A36E-466E-98B6-1EA231F6211F}.Debug|Any CPU.Build.0 = Debug|Any CPU
		{8BF01CC1-A36E-466E-98B6-1EA231F6211F}.Release|Any CPU.ActiveCfg = Release|Any CPU
		{8BF01CC1-A36E-466E-98B6-1EA231F6211F}.Release|Any CPU.Build.0 = Release|Any CPU
		{8D1464E6-5318-4172-AE37-DE3BD95E66BA}.Debug|Any CPU.ActiveCfg = Debug|Any CPU
		{8D1464E6-5318-4172-AE37-DE3BD95E66BA}.Debug|Any CPU.Build.0 = Debug|Any CPU
		{8D1464E6-5318-4172-AE37-DE3BD95E66BA}.Release|Any CPU.ActiveCfg = Release|Any CPU
		{8D1464E6-5318-4172-AE37-DE3BD95E66BA}.Release|Any CPU.Build.0 = Release|Any CPU
		{16CA6CE9-3631-4A24-AEAE-B15EDCE01FB2}.Debug|Any CPU.ActiveCfg = Debug|Any CPU
		{16CA6CE9-3631-4A24-AEAE-B15EDCE01FB2}.Debug|Any CPU.Build.0 = Debug|Any CPU
		{16CA6CE9-3631-4A24-AEAE-B15EDCE01FB2}.Release|Any CPU.ActiveCfg = Release|Any CPU
		{16CA6CE9-3631-4A24-AEAE-B15EDCE01FB2}.Release|Any CPU.Build.0 = Release|Any CPU
		{86B740B9-5611-4009-8468-9A9E13D5B698}.Debug|Any CPU.ActiveCfg = Debug|Any CPU
		{86B740B9-5611-4009-8468-9A9E13D5B698}.Debug|Any CPU.Build.0 = Debug|Any CPU
		{86B740B9-5611-4009-8468-9A9E13D5B698}.Release|Any CPU.ActiveCfg = Release|Any CPU
		{86B740B9-5611-4009-8468-9A9E13D5B698}.Release|Any CPU.Build.0 = Release|Any CPU
		{1ECDC631-6168-45B6-8D0A-8BAF856C3E76}.Debug|Any CPU.ActiveCfg = Debug|Any CPU
		{1ECDC631-6168-45B6-8D0A-8BAF856C3E76}.Debug|Any CPU.Build.0 = Debug|Any CPU
		{1ECDC631-6168-45B6-8D0A-8BAF856C3E76}.Release|Any CPU.ActiveCfg = Release|Any CPU
		{1ECDC631-6168-45B6-8D0A-8BAF856C3E76}.Release|Any CPU.Build.0 = Release|Any CPU
		{DA392B1C-7147-4B11-9E6D-92D026D2C312}.Debug|Any CPU.ActiveCfg = Debug|Any CPU
		{DA392B1C-7147-4B11-9E6D-92D026D2C312}.Debug|Any CPU.Build.0 = Debug|Any CPU
		{DA392B1C-7147-4B11-9E6D-92D026D2C312}.Release|Any CPU.ActiveCfg = Release|Any CPU
		{DA392B1C-7147-4B11-9E6D-92D026D2C312}.Release|Any CPU.Build.0 = Release|Any CPU
	EndGlobalSection
	GlobalSection(SolutionProperties) = preSolution
		HideSolutionNode = FALSE
	EndGlobalSection
	GlobalSection(NestedProjects) = preSolution
		{7181C11A-5735-46BC-A1C5-8BCE311EBB4B} = {87A2965A-6DF8-4CA8-B497-169F25C0B91D}
		{8BF01CC1-A36E-466E-98B6-1EA231F6211F} = {87A2965A-6DF8-4CA8-B497-169F25C0B91D}
		{8D1464E6-5318-4172-AE37-DE3BD95E66BA} = {87A2965A-6DF8-4CA8-B497-169F25C0B91D}
		{16CA6CE9-3631-4A24-AEAE-B15EDCE01FB2} = {87A2965A-6DF8-4CA8-B497-169F25C0B91D}
		{86B740B9-5611-4009-8468-9A9E13D5B698} = {87A2965A-6DF8-4CA8-B497-169F25C0B91D}
	EndGlobalSection
	GlobalSection(ExtensibilityGlobals) = postSolution
		SolutionGuid = {F00399C6-C5C9-43C3-A173-AA351851E770}
	EndGlobalSection
EndGlobal
